
Microsoft Visual Studio Solution File, Format Version 12.00
# Visual Studio Version 17
VisualStudioVersion = 17.5.002.0
MinimumVisualStudioVersion = 10.0.40219.1
Project("{9A19103F-16F7-4668-BE54-9A1E7A4F7556}") = "IMSProject", "IMSProject.csproj", "{CABF1C4E-6B75-4B32-AB3D-162DF9E8D47A}"
EndProject
Global
	GlobalSection(SolutionConfigurationPlatforms) = preSolution
		Debug|Any CPU = Debug|Any CPU
		Release|Any CPU = Release|Any CPU
	EndGlobalSection
	GlobalSection(ProjectConfigurationPlatforms) = postSolution
		{CABF1C4E-6B75-4B32-AB3D-162DF9E8D47A}.Debug|Any CPU.ActiveCfg = Debug|Any CPU
		{CABF1C4E-6B75-4B32-AB3D-162DF9E8D47A}.Debug|Any CPU.Build.0 = Debug|Any CPU
		{CABF1C4E-6B75-4B32-AB3D-162DF9E8D47A}.Release|Any CPU.ActiveCfg = Release|Any CPU
		{CABF1C4E-6B75-4B32-AB3D-162DF9E8D47A}.Release|Any CPU.Build.0 = Release|Any CPU
	EndGlobalSection
	GlobalSection(SolutionProperties) = preSolution
		HideSolutionNode = FALSE
	EndGlobalSection
	GlobalSection(ExtensibilityGlobals) = postSolution
		SolutionGuid = {4EB5A822-EE3A-4DD4-97E5-126F8DDEB2B9}
	EndGlobalSection
EndGlobal
